// !$*UTF8*$!
{
	archiveVersion = 1;
	classes = {
	};
	objectVersion = 46;
	objects = {

/* Begin PBXBuildFile section */
		A20997C11B6B315A000B3565 /* AppDelegate.swift in Sources */ = {isa = PBXBuildFile; fileRef = A20997C01B6B315A000B3565 /* AppDelegate.swift */; };
		A20997C31B6B315A000B3565 /* ViewController.swift in Sources */ = {isa = PBXBuildFile; fileRef = A20997C21B6B315A000B3565 /* ViewController.swift */; };
		A20997C61B6B315A000B3565 /* Main.storyboard in Resources */ = {isa = PBXBuildFile; fileRef = A20997C41B6B315A000B3565 /* Main.storyboard */; };
		A20997C81B6B315A000B3565 /* Images.xcassets in Resources */ = {isa = PBXBuildFile; fileRef = A20997C71B6B315A000B3565 /* Images.xcassets */; };
		A20997CB1B6B315A000B3565 /* LaunchScreen.xib in Resources */ = {isa = PBXBuildFile; fileRef = A20997C91B6B315A000B3565 /* LaunchScreen.xib */; };
		A20997D71B6B315A000B3565 /* MXPageControlTests.swift in Sources */ = {isa = PBXBuildFile; fileRef = A20997D61B6B315A000B3565 /* MXPageControlTests.swift */; };
		A20997E11B6B4BA5000B3565 /* MXAutoPageControl.swift in Sources */ = {isa = PBXBuildFile; fileRef = A20997E01B6B4BA5000B3565 /* MXAutoPageControl.swift */; };
/* End PBXBuildFile section */

/* Begin PBXContainerItemProxy section */
		A20997D11B6B315A000B3565 /* PBXContainerItemProxy */ = {
			isa = PBXContainerItemProxy;
			containerPortal = A20997B31B6B315A000B3565 /* Project object */;
			proxyType = 1;
			remoteGlobalIDString = A20997BA1B6B315A000B3565;
			remoteInfo = MXPageControl;
		};
/* End PBXContainerItemProxy section */

/* Begin PBXFileReference section */
		A20997BB1B6B315A000B3565 /* MXPageControl.app */ = {isa = PBXFileReference; explicitFileType = wrapper.application; includeInIndex = 0; path = MXPageControl.app; sourceTree = BUILT_PRODUCTS_DIR; };
		A20997BF1B6B315A000B3565 /* Info.plist */ = {isa = PBXFileReference; lastKnownFileType = text.plist.xml; path = Info.plist; sourceTree = "<group>"; };
		A20997C01B6B315A000B3565 /* AppDelegate.swift */ = {isa = PBXFileReference; lastKnownFileType = sourcecode.swift; path = AppDelegate.swift; sourceTree = "<group>"; };
		A20997C21B6B315A000B3565 /* ViewController.swift */ = {isa = PBXFileReference; lastKnownFileType = sourcecode.swift; path = ViewController.swift; sourceTree = "<group>"; };
		A20997C51B6B315A000B3565 /* Base */ = {isa = PBXFileReference; lastKnownFileType = file.storyboard; name = Base; path = Base.lproj/Main.storyboard; sourceTree = "<group>"; };
		A20997C71B6B315A000B3565 /* Images.xcassets */ = {isa = PBXFileReference; lastKnownFileType = folder.assetcatalog; path = Images.xcassets; sourceTree = "<group>"; };
		A20997CA1B6B315A000B3565 /* Base */ = {isa = PBXFileReference; lastKnownFileType = file.xib; name = Base; path = Base.lproj/LaunchScreen.xib; sourceTree = "<group>"; };
		A20997D01B6B315A000B3565 /* MXPageControlTests.xctest */ = {isa = PBXFileReference; explicitFileType = wrapper.cfbundle; includeInIndex = 0; path = MXPageControlTests.xctest; sourceTree = BUILT_PRODUCTS_DIR; };
		A20997D51B6B315A000B3565 /* Info.plist */ = {isa = PBXFileReference; lastKnownFileType = text.plist.xml; path = Info.plist; sourceTree = "<group>"; };
		A20997D61B6B315A000B3565 /* MXPageControlTests.swift */ = {isa = PBXFileReference; lastKnownFileType = sourcecode.swift; path = MXPageControlTests.swift; sourceTree = "<group>"; };
		A20997E01B6B4BA5000B3565 /* MXAutoPageControl.swift */ = {isa = PBXFileReference; fileEncoding = 4; lastKnownFileType = sourcecode.swift; path = MXAutoPageControl.swift; sourceTree = "<group>"; };
/* End PBXFileReference section */

/* Begin PBXFrameworksBuildPhase section */
		A20997B81B6B315A000B3565 /* Frameworks */ = {
			isa = PBXFrameworksBuildPhase;
			buildActionMask = 2147483647;
			files = (
			);
			runOnlyForDeploymentPostprocessing = 0;
		};
		A20997CD1B6B315A000B3565 /* Frameworks */ = {
			isa = PBXFrameworksBuildPhase;
			buildActionMask = 2147483647;
			files = (
			);
			runOnlyForDeploymentPostprocessing = 0;
		};
/* End PBXFrameworksBuildPhase section */

/* Begin PBXGroup section */
		A20997B21B6B315A000B3565 = {
			isa = PBXGroup;
			children = (
				A20997BD1B6B315A000B3565 /* MXPageControl */,
				A20997D31B6B315A000B3565 /* MXPageControlTests */,
				A20997BC1B6B315A000B3565 /* Products */,
			);
			sourceTree = "<group>";
		};
		A20997BC1B6B315A000B3565 /* Products */ = {
			isa = PBXGroup;
			children = (
				A20997BB1B6B315A000B3565 /* MXPageControl.app */,
				A20997D01B6B315A000B3565 /* MXPageControlTests.xctest */,
			);
			name = Products;
			sourceTree = "<group>";
		};
		A20997BD1B6B315A000B3565 /* MXPageControl */ = {
			isa = PBXGroup;
			children = (
				A20997C01B6B315A000B3565 /* AppDelegate.swift */,
				A20997C21B6B315A000B3565 /* ViewController.swift */,
				A20997C41B6B315A000B3565 /* Main.storyboard */,
				A20997C71B6B315A000B3565 /* Images.xcassets */,
				A20997C91B6B315A000B3565 /* LaunchScreen.xib */,
				A20997BE1B6B315A000B3565 /* Supporting Files */,
				A20997E01B6B4BA5000B3565 /* MXAutoPageControl.swift */,
			);
			path = MXPageControl;
			sourceTree = "<group>";
		};
		A20997BE1B6B315A000B3565 /* Supporting Files */ = {
			isa = PBXGroup;
			children = (
				A20997BF1B6B315A000B3565 /* Info.plist */,
			);
			name = "Supporting Files";
			sourceTree = "<group>";
		};
		A20997D31B6B315A000B3565 /* MXPageControlTests */ = {
			isa = PBXGroup;
			children = (
				A20997D61B6B315A000B3565 /* MXPageControlTests.swift */,
				A20997D41B6B315A000B3565 /* Supporting Files */,
			);
			path = MXPageControlTests;
			sourceTree = "<group>";
		};
		A20997D41B6B315A000B3565 /* Supporting Files */ = {
			isa = PBXGroup;
			children = (
				A20997D51B6B315A000B3565 /* Info.plist */,
			);
			name = "Supporting Files";
			sourceTree = "<group>";
		};
/* End PBXGroup section */

/* Begin PBXNativeTarget section */
		A20997BA1B6B315A000B3565 /* MXPageControl */ = {
			isa = PBXNativeTarget;
			buildConfigurationList = A20997DA1B6B315A000B3565 /* Build configuration list for PBXNativeTarget "MXPageControl" */;
			buildPhases = (
				A20997B71B6B315A000B3565 /* Sources */,
				A20997B81B6B315A000B3565 /* Frameworks */,
				A20997B91B6B315A000B3565 /* Resources */,
			);
			buildRules = (
			);
			dependencies = (
			);
			name = MXPageControl;
			productName = MXPageControl;
			productReference = A20997BB1B6B315A000B3565 /* MXPageControl.app */;
			productType = "com.apple.product-type.application";
		};
		A20997CF1B6B315A000B3565 /* MXPageControlTests */ = {
			isa = PBXNativeTarget;
			buildConfigurationList = A20997DD1B6B315A000B3565 /* Build configuration list for PBXNativeTarget "MXPageControlTests" */;
			buildPhases = (
				A20997CC1B6B315A000B3565 /* Sources */,
				A20997CD1B6B315A000B3565 /* Frameworks */,
				A20997CE1B6B315A000B3565 /* Resources */,
			);
			buildRules = (
			);
			dependencies = (
				A20997D21B6B315A000B3565 /* PBXTargetDependency */,
			);
			name = MXPageControlTests;
			productName = MXPageControlTests;
			productReference = A20997D01B6B315A000B3565 /* MXPageControlTests.xctest */;
			productType = "com.apple.product-type.bundle.unit-test";
		};
/* End PBXNativeTarget section */

/* Begin PBXProject section */
		A20997B31B6B315A000B3565 /* Project object */ = {
			isa = PBXProject;
			attributes = {
				LastUpgradeCheck = 0640;
				ORGANIZATIONNAME = Dian.fm;
				TargetAttributes = {
					A20997BA1B6B315A000B3565 = {
						CreatedOnToolsVersion = 6.4;
					};
					A20997CF1B6B315A000B3565 = {
						CreatedOnToolsVersion = 6.4;
						TestTargetID = A20997BA1B6B315A000B3565;
					};
				};
			};
			buildConfigurationList = A20997B61B6B315A000B3565 /* Build configuration list for PBXProject "MXPageControl" */;
			compatibilityVersion = "Xcode 3.2";
			developmentRegion = English;
			hasScannedForEncodings = 0;
			knownRegions = (
				en,
				Base,
			);
			mainGroup = A20997B21B6B315A000B3565;
			productRefGroup = A20997BC1B6B315A000B3565 /* Products */;
			projectDirPath = "";
			projectRoot = "";
			targets = (
				A20997BA1B6B315A000B3565 /* MXPageControl */,
				A20997CF1B6B315A000B3565 /* MXPageControlTests */,
			);
		};
/* End PBXProject section */

/* Begin PBXResourcesBuildPhase section */
		A20997B91B6B315A000B3565 /* Resources */ = {
			isa = PBXResourcesBuildPhase;
			buildActionMask = 2147483647;
			files = (
				A20997C61B6B315A000B3565 /* Main.storyboard in Resources */,
				A20997CB1B6B315A000B3565 /* LaunchScreen.xib in Resources */,
				A20997C81B6B315A000B3565 /* Images.xcassets in Resources */,
			);
			runOnlyForDeploymentPostprocessing = 0;
		};
		A20997CE1B6B315A000B3565 /* Resources */ = {
			isa = PBXResourcesBuildPhase;
			buildActionMask = 2147483647;
			files = (
			);
			runOnlyForDeploymentPostprocessing = 0;
		};
/* End PBXResourcesBuildPhase section */

/* Begin PBXSourcesBuildPhase section */
		A20997B71B6B315A000B3565 /* Sources */ = {
			isa = PBXSourcesBuildPhase;
			buildActionMask = 2147483647;
			files = (
				A20997E11B6B4BA5000B3565 /* MXAutoPageControl.swift in Sources */,
				A20997C31B6B315A000B3565 /* ViewController.swift in Sources */,
				A20997C11B6B315A000B3565 /* AppDelegate.swift in Sources */,
			);
			runOnlyForDeploymentPostprocessing = 0;
		};
		A20997CC1B6B315A000B3565 /* Sources */ = {
			isa = PBXSourcesBuildPhase;
			buildActionMask = 2147483647;
			files = (
				A20997D71B6B315A000B3565 /* MXPageControlTests.swift in Sources */,
			);
			runOnlyForDeploymentPostprocessing = 0;
		};
/* End PBXSourcesBuildPhase section */

/* Begin PBXTargetDependency section */
		A20997D21B6B315A000B3565 /* PBXTargetDependency */ = {
			isa = PBXTargetDependency;
			target = A20997BA1B6B315A000B3565 /* MXPageControl */;
			targetProxy = A20997D11B6B315A000B3565 /* PBXContainerItemProxy */;
		};
/* End PBXTargetDependency section */

/* Begin PBXVariantGroup section */
		A20997C41B6B315A000B3565 /* Main.storyboard */ = {
			isa = PBXVariantGroup;
			children = (
				A20997C51B6B315A000B3565 /* Base */,
			);
			name = Main.storyboard;
			sourceTree = "<group>";
		};
		A20997C91B6B315A000B3565 /* LaunchScreen.xib */ = {
			isa = PBXVariantGroup;
			children = (
				A20997CA1B6B315A000B3565 /* Base */,
			);
			name = LaunchScreen.xib;
			sourceTree = "<group>";
		};
/* End PBXVariantGroup section */

/* Begin XCBuildConfiguration section */
		A20997D81B6B315A000B3565 /* Debug */ = {
			isa = XCBuildConfiguration;
			buildSettings = {
				ALWAYS_SEARCH_USER_PATHS = NO;
				CLANG_CXX_LANGUAGE_STANDARD = "gnu++0x";
				CLANG_CXX_LIBRARY = "libc++";
				CLANG_ENABLE_MODULES = YES;
				CLANG_ENABLE_OBJC_ARC = YES;
				CLANG_WARN_BOOL_CONVERSION = YES;
				CLANG_WARN_CONSTANT_CONVERSION = YES;
				CLANG_WARN_DIRECT_OBJC_ISA_USAGE = YES_ERROR;
				CLANG_WARN_EMPTY_BODY = YES;
				CLANG_WARN_ENUM_CONVERSION = YES;
				CLANG_WARN_INT_CONVERSION = YES;
				CLANG_WARN_OBJC_ROOT_CLASS = YES_ERROR;
				CLANG_WARN_UNREACHABLE_CODE = YES;
				CLANG_WARN__DUPLICATE_METHOD_MATCH = YES;
				"CODE_SIGN_IDENTITY[sdk=iphoneos*]" = "iPhone Developer";
				COPY_PHASE_STRIP = NO;
				DEBUG_INFORMATION_FORMAT = "dwarf-with-dsym";
				ENABLE_STRICT_OBJC_MSGSEND = YES;
				GCC_C_LANGUAGE_STANDARD = gnu99;
				GCC_DYNAMIC_NO_PIC = NO;
				GCC_NO_COMMON_BLOCKS = YES;
				GCC_OPTIMIZATION_LEVEL = 0;
				GCC_PREPROCESSOR_DEFINITIONS = (
					"DEBUG=1",
					"$(inherited)",
				);
				GCC_SYMBOLS_PRIVATE_EXTERN = NO;
				GCC_WARN_64_TO_32_BIT_CONVERSION = YES;
				GCC_WARN_ABOUT_RETURN_TYPE = YES_ERROR;
				GCC_WARN_UNDECLARED_SELECTOR = YES;
				GCC_WARN_UNINITIALIZED_AUTOS = YES_AGGRESSIVE;
				GCC_WARN_UNUSED_FUNCTION = YES;
				GCC_WARN_UNUSED_VARIABLE = YES;
				IPHONEOS_DEPLOYMENT_TARGET = 8.4;
				MTL_ENABLE_DEBUG_INFO = YES;
				ONLY_ACTIVE_ARCH = YES;
				SDKROOT = iphoneos;
				SWIFT_OPTIMIZATION_LEVEL = "-Onone";
			};
			name = Debug;
		};
		A20997D91B6B315A000B3565 /* Release */ = {
			isa = XCBuildConfiguration;
			buildSettings = {
				ALWAYS_SEARCH_USER_PATHS = NO;
				CLANG_CXX_LANGUAGE_STANDARD = "gnu++0x";
				CLANG_CXX_LIBRARY = "libc++";
				CLANG_ENABLE_MODULES = YES;
				CLANG_ENABLE_OBJC_ARC = YES;
				CLANG_WARN_BOOL_CONVERSION = YES;
				CLANG_WARN_CONSTANT_CONVERSION = YES;
				CLANG_WARN_DIRECT_OBJC_ISA_USAGE = YES_ERROR;
				CLANG_WARN_EMPTY_BODY = YES;
				CLANG_WARN_ENUM_CONVERSION = YES;
				CLANG_WARN_INT_CONVERSION = YES;
				CLANG_WARN_OBJC_ROOT_CLASS = YES_ERROR;
				CLANG_WARN_UNREACHABLE_CODE = YES;
				CLANG_WARN__DUPLICATE_METHOD_MATCH = YES;
				"CODE_SIGN_IDENTITY[sdk=iphoneos*]" = "iPhone Developer";
				COPY_PHASE_STRIP = NO;
				DEBUG_INFORMATION_FORMAT = "dwarf-with-dsym";
				ENABLE_NS_ASSERTIONS = NO;
				ENABLE_STRICT_OBJC_MSGSEND = YES;
				GCC_C_LANGUAGE_STANDARD = gnu99;
				GCC_NO_COMMON_BLOCKS = YES;
				GCC_WARN_64_TO_32_BIT_CONVERSION = YES;
				GCC_WARN_ABOUT_RETURN_TYPE = YES_ERROR;
				GCC_WARN_UNDECLARED_SELECTOR = YES;
				GCC_WARN_UNINITIALIZED_AUTOS = YES_AGGRESSIVE;
				GCC_WARN_UNUSED_FUNCTION = YES;
				GCC_WARN_UNUSED_VARIABLE = YES;
				IPHONEOS_DEPLOYMENT_TARGET = 8.4;
				MTL_ENABLE_DEBUG_INFO = NO;
				SDKROOT = iphoneos;
				VALIDATE_PRODUCT = YES;
			};
			name = Release;
		};
		A20997DB1B6B315A000B3565 /* Debug */ = {
			isa = XCBuildConfiguration;
			buildSettings = {
				ASSETCATALOG_COMPILER_APPICON_NAME = AppIcon;
				INFOPLIST_FILE = MXPageControl/Info.plist;
				IPHONEOS_DEPLOYMENT_TARGET = 8.0;
				LD_RUNPATH_SEARCH_PATHS = "$(inherited) @executable_path/Frameworks";
				PRODUCT_NAME = "$(TARGET_NAME)";
			};
			name = Debug;
		};
		A20997DC1B6B315A000B3565 /* Release */ = {
			isa = XCBuildConfiguration;
			buildSettings = {
				ASSETCATALOG_COMPILER_APPICON_NAME = AppIcon;
				INFOPLIST_FILE = MXPageControl/Info.plist;
				IPHONEOS_DEPLOYMENT_TARGET = 8.0;
				LD_RUNPATH_SEARCH_PATHS = "$(inherited) @executable_path/Frameworks";
				PRODUCT_NAME = "$(TARGET_NAME)";
			};
			name = Release;
		};
		A20997DE1B6B315A000B3565 /* Debug */ = {
			isa = XCBuildConfiguration;
			buildSettings = {
				BUNDLE_LOADER = "$(TEST_HOST)";
				FRAMEWORK_SEARCH_PATHS = (
					"$(SDKROOT)/Developer/Library/Frameworks",
					"$(inherited)",
				);
				GCC_PREPROCESSOR_DEFINITIONS = (
					"DEBUG=1",
					"$(inherited)",
				);
				INFOPLIST_FILE = MXPageControlTests/Info.plist;
				LD_RUNPATH_SEARCH_PATHS = "$(inherited) @executable_path/Frameworks @loader_path/Frameworks";
				PRODUCT_NAME = "$(TARGET_NAME)";
				TEST_HOST = "$(BUILT_PRODUCTS_DIR)/MXPageControl.app/MXPageControl";
			};
			name = Debug;
		};
		A20997DF1B6B315A000B3565 /* Release */ = {
			isa = XCBuildConfiguration;
			buildSettings = {
				BUNDLE_LOADER = "$(TEST_HOST)";
				FRAMEWORK_SEARCH_PATHS = (
					"$(SDKROOT)/Developer/Library/Frameworks",
					"$(inherited)",
				);
				INFOPLIST_FILE = MXPageControlTests/Info.plist;
				LD_RUNPATH_SEARCH_PATHS = "$(inherited) @executable_path/Frameworks @loader_path/Frameworks";
				PRODUCT_NAME = "$(TARGET_NAME)";
				TEST_HOST = "$(BUILT_PRODUCTS_DIR)/MXPageControl.app/MXPageControl";
			};
			name = Release;
		};
/* End XCBuildConfiguration section */

/* Begin XCConfigurationList section */
		A20997B61B6B315A000B3565 /* Build configuration list for PBXProject "MXPageControl" */ = {
			isa = XCConfigurationList;
			buildConfigurations = (
				A20997D81B6B315A000B3565 /* Debug */,
				A20997D91B6B315A000B3565 /* Release */,
			);
			defaultConfigurationIsVisible = 0;
			defaultConfigurationName = Release;
		};
		A20997DA1B6B315A000B3565 /* Build configuration list for PBXNativeTarget "MXPageControl" */ = {
			isa = XCConfigurationList;
			buildConfigurations = (
				A20997DB1B6B315A000B3565 /* Debug */,
				A20997DC1B6B315A000B3565 /* Release */,
			);
			defaultConfigurationIsVisible = 0;
		};
		A20997DD1B6B315A000B3565 /* Build configuration list for PBXNativeTarget "MXPageControlTests" */ = {
			isa = XCConfigurationList;
			buildConfigurations = (
				A20997DE1B6B315A000B3565 /* Debug */,
				A20997DF1B6B315A000B3565 /* Release */,
			);
			defaultConfigurationIsVisible = 0;
		};
/* End XCConfigurationList section */
	};
	rootObject = A20997B31B6B315A000B3565 /* Project object */;
}
